
Microsoft Visual Studio Solution File, Format Version 12.00
# Visual Studio Version 16
VisualStudioVersion = 16.0.31402.337
MinimumVisualStudioVersion = 10.0.40219.1
Project("{8BC9CEB8-8B4A-11D0-8D11-00A0C91BC942}") = "Deque", "Deque\Deque.vcxproj", "{39C34EB1-0548-405C-84A0-3678E664CA41}"
EndProject
Global
	GlobalSection(SolutionConfigurationPlatforms) = preSolution
		Debug|x64 = Debug|x64
		Debug|x86 = Debug|x86
		Release|x64 = Release|x64
		Release|x86 = Release|x86
	EndGlobalSection
	GlobalSection(ProjectConfigurationPlatforms) = postSolution
		{39C34EB1-0548-405C-84A0-3678E664CA41}.Debug|x64.ActiveCfg = Debug|x64
		{39C34EB1-0548-405C-84A0-3678E664CA41}.Debug|x64.Build.0 = Debug|x64
		{39C34EB1-0548-405C-84A0-3678E664CA41}.Debug|x86.ActiveCfg = Debug|Win32
		{39C34EB1-0548-405C-84A0-3678E664CA41}.Debug|x86.Build.0 = Debug|Win32
		{39C34EB1-0548-405C-84A0-3678E664CA41}.Release|x64.ActiveCfg = Release|x64
		{39C34EB1-0548-405C-84A0-3678E664CA41}.Release|x64.Build.0 = Release|x64
		{39C34EB1-0548-405C-84A0-3678E664CA41}.Release|x86.ActiveCfg = Release|Win32
		{39C34EB1-0548-405C-84A0-3678E664CA41}.Release|x86.Build.0 = Release|Win32
	EndGlobalSection
	GlobalSection(SolutionProperties) = preSolution
		HideSolutionNode = FALSE
	EndGlobalSection
	GlobalSection(ExtensibilityGlobals) = postSolution
		SolutionGuid = {71A05DB9-1426-4DBD-ADEF-2BB171EE86B6}
	EndGlobalSection
EndGlobal
